
Microsoft Visual Studio Solution File, Format Version 12.00
# Visual Studio Version 17
VisualStudioVersion = 17.14.36203.30 d17.14
MinimumVisualStudioVersion = 10.0.40219.1
Project("{FAE04EC0-301F-11D3-BF4B-00C04F79EFBC}") = "CalculadoraApp", "CalculadoraApp\CalculadoraApp.csproj", "{66A0A75E-1BEA-4969-A876-7B73A3DD31E2}"
EndProject
Project("{FAE04EC0-301F-11D3-BF4B-00C04F79EFBC}") = "CalculadoraApp.Tests", "CalculadoraApp.Tests\CalculadoraApp.Tests.csproj", "{5AF6FE4A-B358-4AE4-A118-CDC1B07FA6BC}"
EndProject
Global
	GlobalSection(SolutionConfigurationPlatforms) = preSolution
		Debug|Any CPU = Debug|Any CPU
		Release|Any CPU = Release|Any CPU
	EndGlobalSection
	GlobalSection(ProjectConfigurationPlatforms) = postSolution
		{66A0A75E-1BEA-4969-A876-7B73A3DD31E2}.Debug|Any CPU.ActiveCfg = Debug|Any CPU
		{66A0A75E-1BEA-4969-A876-7B73A3DD31E2}.Debug|Any CPU.Build.0 = Debug|Any CPU
		{66A0A75E-1BEA-4969-A876-7B73A3DD31E2}.Release|Any CPU.ActiveCfg = Release|Any CPU
		{66A0A75E-1BEA-4969-A876-7B73A3DD31E2}.Release|Any CPU.Build.0 = Release|Any CPU
		{5AF6FE4A-B358-4AE4-A118-CDC1B07FA6BC}.Debug|Any CPU.ActiveCfg = Debug|Any CPU
		{5AF6FE4A-B358-4AE4-A118-CDC1B07FA6BC}.Debug|Any CPU.Build.0 = Debug|Any CPU
		{5AF6FE4A-B358-4AE4-A118-CDC1B07FA6BC}.Release|Any CPU.ActiveCfg = Release|Any CPU
		{5AF6FE4A-B358-4AE4-A118-CDC1B07FA6BC}.Release|Any CPU.Build.0 = Release|Any CPU
	EndGlobalSection
	GlobalSection(SolutionProperties) = preSolution
		HideSolutionNode = FALSE
	EndGlobalSection
	GlobalSection(ExtensibilityGlobals) = postSolution
		SolutionGuid = {FA6DCFF2-8F01-4C97-B827-2595BD5B06E6}
	EndGlobalSection
EndGlobal
